
Microsoft Visual Studio Solution File, Format Version 12.00
# Visual Studio Version 17
VisualStudioVersion = 17.1.32319.34
MinimumVisualStudioVersion = 10.0.40219.1
Project("{FAE04EC0-301F-11D3-BF4B-00C04F79EFBC}") = "CertHeaderMap", "CertHeaderMap\CertHeaderMap.csproj", "{1549742A-F5DA-40A2-BEB9-520A07F07526}"
EndProject
Global
	GlobalSection(SolutionConfigurationPlatforms) = preSolution
		Debug|Any CPU = Debug|Any CPU
		Release|Any CPU = Release|Any CPU
	EndGlobalSection
	GlobalSection(ProjectConfigurationPlatforms) = postSolution
		{1549742A-F5DA-40A2-BEB9-520A07F07526}.Debug|Any CPU.ActiveCfg = Debug|Any CPU
		{1549742A-F5DA-40A2-BEB9-520A07F07526}.Debug|Any CPU.Build.0 = Debug|Any CPU
		{1549742A-F5DA-40A2-BEB9-520A07F07526}.Release|Any CPU.ActiveCfg = Release|Any CPU
		{1549742A-F5DA-40A2-BEB9-520A07F07526}.Release|Any CPU.Build.0 = Release|Any CPU
	EndGlobalSection
	GlobalSection(SolutionProperties) = preSolution
		HideSolutionNode = FALSE
	EndGlobalSection
	GlobalSection(ExtensibilityGlobals) = postSolution
		SolutionGuid = {14B755B9-EC19-48F1-9A8C-578BBEDC8AC4}
	EndGlobalSection
EndGlobal
